// !$*UTF8*$!
{
	archiveVersion = 1;
	classes = {
	};
	objectVersion = 50;
	objects = {

/* Begin PBXBuildFile section */
		6C84A73D2392F48F0000F583 /* AppDelegate.swift in Sources */ = {isa = PBXBuildFile; fileRef = 6C84A73C2392F48F0000F583 /* AppDelegate.swift */; };
		6C84A73F2392F48F0000F583 /* SceneDelegate.swift in Sources */ = {isa = PBXBuildFile; fileRef = 6C84A73E2392F48F0000F583 /* SceneDelegate.swift */; };
		6C84A7412392F48F0000F583 /* RootTabBarController.swift in Sources */ = {isa = PBXBuildFile; fileRef = 6C84A7402392F48F0000F583 /* RootTabBarController.swift */; };
		6C84A7432392F48F0000F583 /* SwipeViewController.swift in Sources */ = {isa = PBXBuildFile; fileRef = 6C84A7422392F48F0000F583 /* SwipeViewController.swift */; };
		6C84A7482392F4930000F583 /* Assets.xcassets in Resources */ = {isa = PBXBuildFile; fileRef = 6C84A7472392F4930000F583 /* Assets.xcassets */; };
		6C84A74B2392F4930000F583 /* LaunchScreen.storyboard in Resources */ = {isa = PBXBuildFile; fileRef = 6C84A7492392F4930000F583 /* LaunchScreen.storyboard */; };
		6C84A7562392F6EE0000F583 /* Person.swift in Sources */ = {isa = PBXBuildFile; fileRef = 6C84A7552392F6EE0000F583 /* Person.swift */; };
		6C84A7582392F7140000F583 /* SwipeView.swift in Sources */ = {isa = PBXBuildFile; fileRef = 6C84A7572392F7140000F583 /* SwipeView.swift */; };
		6C84A75A2392F7230000F583 /* MentorListTableViewCell.swift in Sources */ = {isa = PBXBuildFile; fileRef = 6C84A7592392F7230000F583 /* MentorListTableViewCell.swift */; };
		6C84A75C2392F72C0000F583 /* CardView.swift in Sources */ = {isa = PBXBuildFile; fileRef = 6C84A75B2392F72C0000F583 /* CardView.swift */; };
		6C84A75E2392F7490000F583 /* DetailMentorView.swift in Sources */ = {isa = PBXBuildFile; fileRef = 6C84A75D2392F7490000F583 /* DetailMentorView.swift */; };
		6C84A7602392F7620000F583 /* MatchViewController.swift in Sources */ = {isa = PBXBuildFile; fileRef = 6C84A75F2392F7620000F583 /* MatchViewController.swift */; };
		6C84A7622392F7810000F583 /* DetailMentorViewController.swift in Sources */ = {isa = PBXBuildFile; fileRef = 6C84A7612392F7810000F583 /* DetailMentorViewController.swift */; };
		6C84A7642392F7930000F583 /* MentorListViewController.swift in Sources */ = {isa = PBXBuildFile; fileRef = 6C84A7632392F7930000F583 /* MentorListViewController.swift */; };
		6C84A7662392F9740000F583 /* NavigationController.swift in Sources */ = {isa = PBXBuildFile; fileRef = 6C84A7652392F9740000F583 /* NavigationController.swift */; };
		6C84A7682392FEAD0000F583 /* StackWrapperView.swift in Sources */ = {isa = PBXBuildFile; fileRef = 6C84A7672392FEAD0000F583 /* StackWrapperView.swift */; };
		90E9CE3B2392FB1A00A6A843 /* MentorListView.swift in Sources */ = {isa = PBXBuildFile; fileRef = 90E9CE3A2392FB1A00A6A843 /* MentorListView.swift */; };
/* End PBXBuildFile section */

/* Begin PBXFileReference section */
		6C84A7392392F48F0000F583 /* mentr.app */ = {isa = PBXFileReference; explicitFileType = wrapper.application; includeInIndex = 0; path = mentr.app; sourceTree = BUILT_PRODUCTS_DIR; };
		6C84A73C2392F48F0000F583 /* AppDelegate.swift */ = {isa = PBXFileReference; lastKnownFileType = sourcecode.swift; path = AppDelegate.swift; sourceTree = "<group>"; };
		6C84A73E2392F48F0000F583 /* SceneDelegate.swift */ = {isa = PBXFileReference; lastKnownFileType = sourcecode.swift; path = SceneDelegate.swift; sourceTree = "<group>"; };
		6C84A7402392F48F0000F583 /* RootTabBarController.swift */ = {isa = PBXFileReference; lastKnownFileType = sourcecode.swift; path = RootTabBarController.swift; sourceTree = "<group>"; };
		6C84A7422392F48F0000F583 /* SwipeViewController.swift */ = {isa = PBXFileReference; lastKnownFileType = sourcecode.swift; path = SwipeViewController.swift; sourceTree = "<group>"; };
		6C84A7472392F4930000F583 /* Assets.xcassets */ = {isa = PBXFileReference; lastKnownFileType = folder.assetcatalog; path = Assets.xcassets; sourceTree = "<group>"; };
		6C84A74A2392F4930000F583 /* Base */ = {isa = PBXFileReference; lastKnownFileType = file.storyboard; name = Base; path = Base.lproj/LaunchScreen.storyboard; sourceTree = "<group>"; };
		6C84A74C2392F4930000F583 /* Info.plist */ = {isa = PBXFileReference; lastKnownFileType = text.plist.xml; path = Info.plist; sourceTree = "<group>"; };
		6C84A7552392F6EE0000F583 /* Person.swift */ = {isa = PBXFileReference; lastKnownFileType = sourcecode.swift; path = Person.swift; sourceTree = "<group>"; };
		6C84A7572392F7140000F583 /* SwipeView.swift */ = {isa = PBXFileReference; lastKnownFileType = sourcecode.swift; path = SwipeView.swift; sourceTree = "<group>"; };
		6C84A7592392F7230000F583 /* MentorListTableViewCell.swift */ = {isa = PBXFileReference; lastKnownFileType = sourcecode.swift; path = MentorListTableViewCell.swift; sourceTree = "<group>"; };
		6C84A75B2392F72C0000F583 /* CardView.swift */ = {isa = PBXFileReference; lastKnownFileType = sourcecode.swift; path = CardView.swift; sourceTree = "<group>"; };
		6C84A75D2392F7490000F583 /* DetailMentorView.swift */ = {isa = PBXFileReference; lastKnownFileType = sourcecode.swift; path = DetailMentorView.swift; sourceTree = "<group>"; };
		6C84A75F2392F7620000F583 /* MatchViewController.swift */ = {isa = PBXFileReference; lastKnownFileType = sourcecode.swift; path = MatchViewController.swift; sourceTree = "<group>"; };
		6C84A7612392F7810000F583 /* DetailMentorViewController.swift */ = {isa = PBXFileReference; lastKnownFileType = sourcecode.swift; path = DetailMentorViewController.swift; sourceTree = "<group>"; };
		6C84A7632392F7930000F583 /* MentorListViewController.swift */ = {isa = PBXFileReference; lastKnownFileType = sourcecode.swift; path = MentorListViewController.swift; sourceTree = "<group>"; };
		6C84A7652392F9740000F583 /* NavigationController.swift */ = {isa = PBXFileReference; lastKnownFileType = sourcecode.swift; path = NavigationController.swift; sourceTree = "<group>"; };
		6C84A7672392FEAD0000F583 /* StackWrapperView.swift */ = {isa = PBXFileReference; lastKnownFileType = sourcecode.swift; path = StackWrapperView.swift; sourceTree = "<group>"; };
		90E9CE3A2392FB1A00A6A843 /* MentorListView.swift */ = {isa = PBXFileReference; lastKnownFileType = sourcecode.swift; path = MentorListView.swift; sourceTree = "<group>"; };
/* End PBXFileReference section */

/* Begin PBXFrameworksBuildPhase section */
		6C84A7362392F48F0000F583 /* Frameworks */ = {
			isa = PBXFrameworksBuildPhase;
			buildActionMask = 2147483647;
			files = (
			);
			runOnlyForDeploymentPostprocessing = 0;
		};
/* End PBXFrameworksBuildPhase section */

/* Begin PBXGroup section */
		6C84A7302392F48F0000F583 = {
			isa = PBXGroup;
			children = (
				6C84A73B2392F48F0000F583 /* mentr */,
				6C84A73A2392F48F0000F583 /* Products */,
			);
			sourceTree = "<group>";
		};
		6C84A73A2392F48F0000F583 /* Products */ = {
			isa = PBXGroup;
			children = (
				6C84A7392392F48F0000F583 /* mentr.app */,
			);
			name = Products;
			sourceTree = "<group>";
		};
		6C84A73B2392F48F0000F583 /* mentr */ = {
			isa = PBXGroup;
			children = (
				6C84A7532392F6960000F583 /* Models */,
				6C84A7522392F6900000F583 /* Views */,
				6C84A7542392F69C0000F583 /* Controllers */,
				6C84A73C2392F48F0000F583 /* AppDelegate.swift */,
				6C84A73E2392F48F0000F583 /* SceneDelegate.swift */,
				6C84A7472392F4930000F583 /* Assets.xcassets */,
				6C84A7492392F4930000F583 /* LaunchScreen.storyboard */,
				6C84A74C2392F4930000F583 /* Info.plist */,
			);
			path = mentr;
			sourceTree = "<group>";
		};
		6C84A7522392F6900000F583 /* Views */ = {
			isa = PBXGroup;
			children = (
				6C84A7572392F7140000F583 /* SwipeView.swift */,
				6C84A7592392F7230000F583 /* MentorListTableViewCell.swift */,
				90E9CE3A2392FB1A00A6A843 /* MentorListView.swift */,
				6C84A75B2392F72C0000F583 /* CardView.swift */,
				6C84A75D2392F7490000F583 /* DetailMentorView.swift */,
				6C84A7672392FEAD0000F583 /* StackWrapperView.swift */,
			);
			path = Views;
			sourceTree = "<group>";
		};
		6C84A7532392F6960000F583 /* Models */ = {
			isa = PBXGroup;
			children = (
				6C84A7552392F6EE0000F583 /* Person.swift */,
			);
			path = Models;
			sourceTree = "<group>";
		};
		6C84A7542392F69C0000F583 /* Controllers */ = {
			isa = PBXGroup;
			children = (
				6C84A7652392F9740000F583 /* NavigationController.swift */,
				6C84A7402392F48F0000F583 /* RootTabBarController.swift */,
				6C84A7422392F48F0000F583 /* SwipeViewController.swift */,
				6C84A75F2392F7620000F583 /* MatchViewController.swift */,
				6C84A7612392F7810000F583 /* DetailMentorViewController.swift */,
				6C84A7632392F7930000F583 /* MentorListViewController.swift */,
			);
			path = Controllers;
			sourceTree = "<group>";
		};
/* End PBXGroup section */

/* Begin PBXNativeTarget section */
		6C84A7382392F48F0000F583 /* mentr */ = {
			isa = PBXNativeTarget;
			buildConfigurationList = 6C84A74F2392F4930000F583 /* Build configuration list for PBXNativeTarget "mentr" */;
			buildPhases = (
				6C84A7352392F48F0000F583 /* Sources */,
				6C84A7362392F48F0000F583 /* Frameworks */,
				6C84A7372392F48F0000F583 /* Resources */,
			);
			buildRules = (
			);
			dependencies = (
			);
			name = mentr;
			productName = mentr;
			productReference = 6C84A7392392F48F0000F583 /* mentr.app */;
			productType = "com.apple.product-type.application";
		};
/* End PBXNativeTarget section */

/* Begin PBXProject section */
		6C84A7312392F48F0000F583 /* Project object */ = {
			isa = PBXProject;
			attributes = {
				LastSwiftUpdateCheck = 1120;
				LastUpgradeCheck = 1120;
				ORGANIZATIONNAME = "Wren Liang";
				TargetAttributes = {
					6C84A7382392F48F0000F583 = {
						CreatedOnToolsVersion = 11.2.1;
					};
				};
			};
			buildConfigurationList = 6C84A7342392F48F0000F583 /* Build configuration list for PBXProject "mentr" */;
			compatibilityVersion = "Xcode 9.3";
			developmentRegion = en;
			hasScannedForEncodings = 0;
			knownRegions = (
				en,
				Base,
			);
			mainGroup = 6C84A7302392F48F0000F583;
			productRefGroup = 6C84A73A2392F48F0000F583 /* Products */;
			projectDirPath = "";
			projectRoot = "";
			targets = (
				6C84A7382392F48F0000F583 /* mentr */,
			);
		};
/* End PBXProject section */

/* Begin PBXResourcesBuildPhase section */
		6C84A7372392F48F0000F583 /* Resources */ = {
			isa = PBXResourcesBuildPhase;
			buildActionMask = 2147483647;
			files = (
				6C84A74B2392F4930000F583 /* LaunchScreen.storyboard in Resources */,
				6C84A7482392F4930000F583 /* Assets.xcassets in Resources */,
			);
			runOnlyForDeploymentPostprocessing = 0;
		};
/* End PBXResourcesBuildPhase section */

/* Begin PBXSourcesBuildPhase section */
		6C84A7352392F48F0000F583 /* Sources */ = {
			isa = PBXSourcesBuildPhase;
			buildActionMask = 2147483647;
			files = (
				6C84A7562392F6EE0000F583 /* Person.swift in Sources */,
				6C84A7432392F48F0000F583 /* SwipeViewController.swift in Sources */,
				6C84A7412392F48F0000F583 /* RootTabBarController.swift in Sources */,
				6C84A7582392F7140000F583 /* SwipeView.swift in Sources */,
				6C84A7602392F7620000F583 /* MatchViewController.swift in Sources */,
				6C84A73D2392F48F0000F583 /* AppDelegate.swift in Sources */,
				6C84A75E2392F7490000F583 /* DetailMentorView.swift in Sources */,
				6C84A75A2392F7230000F583 /* MentorListTableViewCell.swift in Sources */,
				6C84A7662392F9740000F583 /* NavigationController.swift in Sources */,
				6C84A7622392F7810000F583 /* DetailMentorViewController.swift in Sources */,
				6C84A7642392F7930000F583 /* MentorListViewController.swift in Sources */,
				6C84A7682392FEAD0000F583 /* StackWrapperView.swift in Sources */,
				6C84A75C2392F72C0000F583 /* CardView.swift in Sources */,
				6C84A73F2392F48F0000F583 /* SceneDelegate.swift in Sources */,
				90E9CE3B2392FB1A00A6A843 /* MentorListView.swift in Sources */,
			);
			runOnlyForDeploymentPostprocessing = 0;
		};
/* End PBXSourcesBuildPhase section */

/* Begin PBXVariantGroup section */
		6C84A7492392F4930000F583 /* LaunchScreen.storyboard */ = {
			isa = PBXVariantGroup;
			children = (
				6C84A74A2392F4930000F583 /* Base */,
			);
			name = LaunchScreen.storyboard;
			sourceTree = "<group>";
		};
/* End PBXVariantGroup section */

/* Begin XCBuildConfiguration section */
		6C84A74D2392F4930000F583 /* Debug */ = {
			isa = XCBuildConfiguration;
			buildSettings = {
				ALWAYS_SEARCH_USER_PATHS = NO;
				CLANG_ANALYZER_NONNULL = YES;
				CLANG_ANALYZER_NUMBER_OBJECT_CONVERSION = YES_AGGRESSIVE;
				CLANG_CXX_LANGUAGE_STANDARD = "gnu++14";
				CLANG_CXX_LIBRARY = "libc++";
				CLANG_ENABLE_MODULES = YES;
				CLANG_ENABLE_OBJC_ARC = YES;
				CLANG_ENABLE_OBJC_WEAK = YES;
				CLANG_WARN_BLOCK_CAPTURE_AUTORELEASING = YES;
				CLANG_WARN_BOOL_CONVERSION = YES;
				CLANG_WARN_COMMA = YES;
				CLANG_WARN_CONSTANT_CONVERSION = YES;
				CLANG_WARN_DEPRECATED_OBJC_IMPLEMENTATIONS = YES;
				CLANG_WARN_DIRECT_OBJC_ISA_USAGE = YES_ERROR;
				CLANG_WARN_DOCUMENTATION_COMMENTS = YES;
				CLANG_WARN_EMPTY_BODY = YES;
				CLANG_WARN_ENUM_CONVERSION = YES;
				CLANG_WARN_INFINITE_RECURSION = YES;
				CLANG_WARN_INT_CONVERSION = YES;
				CLANG_WARN_NON_LITERAL_NULL_CONVERSION = YES;
				CLANG_WARN_OBJC_IMPLICIT_RETAIN_SELF = YES;
				CLANG_WARN_OBJC_LITERAL_CONVERSION = YES;
				CLANG_WARN_OBJC_ROOT_CLASS = YES_ERROR;
				CLANG_WARN_RANGE_LOOP_ANALYSIS = YES;
				CLANG_WARN_STRICT_PROTOTYPES = YES;
				CLANG_WARN_SUSPICIOUS_MOVE = YES;
				CLANG_WARN_UNGUARDED_AVAILABILITY = YES_AGGRESSIVE;
				CLANG_WARN_UNREACHABLE_CODE = YES;
				CLANG_WARN__DUPLICATE_METHOD_MATCH = YES;
				COPY_PHASE_STRIP = NO;
				DEBUG_INFORMATION_FORMAT = dwarf;
				ENABLE_STRICT_OBJC_MSGSEND = YES;
				ENABLE_TESTABILITY = YES;
				GCC_C_LANGUAGE_STANDARD = gnu11;
				GCC_DYNAMIC_NO_PIC = NO;
				GCC_NO_COMMON_BLOCKS = YES;
				GCC_OPTIMIZATION_LEVEL = 0;
				GCC_PREPROCESSOR_DEFINITIONS = (
					"DEBUG=1",
					"$(inherited)",
				);
				GCC_WARN_64_TO_32_BIT_CONVERSION = YES;
				GCC_WARN_ABOUT_RETURN_TYPE = YES_ERROR;
				GCC_WARN_UNDECLARED_SELECTOR = YES;
				GCC_WARN_UNINITIALIZED_AUTOS = YES_AGGRESSIVE;
				GCC_WARN_UNUSED_FUNCTION = YES;
				GCC_WARN_UNUSED_VARIABLE = YES;
				IPHONEOS_DEPLOYMENT_TARGET = 13.2;
				MTL_ENABLE_DEBUG_INFO = INCLUDE_SOURCE;
				MTL_FAST_MATH = YES;
				ONLY_ACTIVE_ARCH = YES;
				SDKROOT = iphoneos;
				SWIFT_ACTIVE_COMPILATION_CONDITIONS = DEBUG;
				SWIFT_OPTIMIZATION_LEVEL = "-Onone";
			};
			name = Debug;
		};
		6C84A74E2392F4930000F583 /* Release */ = {
			isa = XCBuildConfiguration;
			buildSettings = {
				ALWAYS_SEARCH_USER_PATHS = NO;
				CLANG_ANALYZER_NONNULL = YES;
				CLANG_ANALYZER_NUMBER_OBJECT_CONVERSION = YES_AGGRESSIVE;
				CLANG_CXX_LANGUAGE_STANDARD = "gnu++14";
				CLANG_CXX_LIBRARY = "libc++";
				CLANG_ENABLE_MODULES = YES;
				CLANG_ENABLE_OBJC_ARC = YES;
				CLANG_ENABLE_OBJC_WEAK = YES;
				CLANG_WARN_BLOCK_CAPTURE_AUTORELEASING = YES;
				CLANG_WARN_BOOL_CONVERSION = YES;
				CLANG_WARN_COMMA = YES;
				CLANG_WARN_CONSTANT_CONVERSION = YES;
				CLANG_WARN_DEPRECATED_OBJC_IMPLEMENTATIONS = YES;
				CLANG_WARN_DIRECT_OBJC_ISA_USAGE = YES_ERROR;
				CLANG_WARN_DOCUMENTATION_COMMENTS = YES;
				CLANG_WARN_EMPTY_BODY = YES;
				CLANG_WARN_ENUM_CONVERSION = YES;
				CLANG_WARN_INFINITE_RECURSION = YES;
				CLANG_WARN_INT_CONVERSION = YES;
				CLANG_WARN_NON_LITERAL_NULL_CONVERSION = YES;
				CLANG_WARN_OBJC_IMPLICIT_RETAIN_SELF = YES;
				CLANG_WARN_OBJC_LITERAL_CONVERSION = YES;
				CLANG_WARN_OBJC_ROOT_CLASS = YES_ERROR;
				CLANG_WARN_RANGE_LOOP_ANALYSIS = YES;
				CLANG_WARN_STRICT_PROTOTYPES = YES;
				CLANG_WARN_SUSPICIOUS_MOVE = YES;
				CLANG_WARN_UNGUARDED_AVAILABILITY = YES_AGGRESSIVE;
				CLANG_WARN_UNREACHABLE_CODE = YES;
				CLANG_WARN__DUPLICATE_METHOD_MATCH = YES;
				COPY_PHASE_STRIP = NO;
				DEBUG_INFORMATION_FORMAT = "dwarf-with-dsym";
				ENABLE_NS_ASSERTIONS = NO;
				ENABLE_STRICT_OBJC_MSGSEND = YES;
				GCC_C_LANGUAGE_STANDARD = gnu11;
				GCC_NO_COMMON_BLOCKS = YES;
				GCC_WARN_64_TO_32_BIT_CONVERSION = YES;
				GCC_WARN_ABOUT_RETURN_TYPE = YES_ERROR;
				GCC_WARN_UNDECLARED_SELECTOR = YES;
				GCC_WARN_UNINITIALIZED_AUTOS = YES_AGGRESSIVE;
				GCC_WARN_UNUSED_FUNCTION = YES;
				GCC_WARN_UNUSED_VARIABLE = YES;
				IPHONEOS_DEPLOYMENT_TARGET = 13.2;
				MTL_ENABLE_DEBUG_INFO = NO;
				MTL_FAST_MATH = YES;
				SDKROOT = iphoneos;
				SWIFT_COMPILATION_MODE = wholemodule;
				SWIFT_OPTIMIZATION_LEVEL = "-O";
				VALIDATE_PRODUCT = YES;
			};
			name = Release;
		};
		6C84A7502392F4930000F583 /* Debug */ = {
			isa = XCBuildConfiguration;
			buildSettings = {
				ASSETCATALOG_COMPILER_APPICON_NAME = AppIcon;
				CODE_SIGN_STYLE = Automatic;
				DEVELOPMENT_TEAM = 3Y9DB8JZGV;
				INFOPLIST_FILE = mentr/Info.plist;
				LD_RUNPATH_SEARCH_PATHS = (
					"$(inherited)",
					"@executable_path/Frameworks",
				);
				PRODUCT_BUNDLE_IDENTIFIER = Wren.mentr;
				PRODUCT_NAME = "$(TARGET_NAME)";
				SWIFT_VERSION = 5.0;
				TARGETED_DEVICE_FAMILY = 1;
			};
			name = Debug;
		};
		6C84A7512392F4930000F583 /* Release */ = {
			isa = XCBuildConfiguration;
			buildSettings = {
				ASSETCATALOG_COMPILER_APPICON_NAME = AppIcon;
				CODE_SIGN_STYLE = Automatic;
				DEVELOPMENT_TEAM = 3Y9DB8JZGV;
				INFOPLIST_FILE = mentr/Info.plist;
				LD_RUNPATH_SEARCH_PATHS = (
					"$(inherited)",
					"@executable_path/Frameworks",
				);
				PRODUCT_BUNDLE_IDENTIFIER = Wren.mentr;
				PRODUCT_NAME = "$(TARGET_NAME)";
				SWIFT_VERSION = 5.0;
				TARGETED_DEVICE_FAMILY = 1;
			};
			name = Release;
		};
/* End XCBuildConfiguration section */

/* Begin XCConfigurationList section */
		6C84A7342392F48F0000F583 /* Build configuration list for PBXProject "mentr" */ = {
			isa = XCConfigurationList;
			buildConfigurations = (
				6C84A74D2392F4930000F583 /* Debug */,
				6C84A74E2392F4930000F583 /* Release */,
			);
			defaultConfigurationIsVisible = 0;
			defaultConfigurationName = Release;
		};
		6C84A74F2392F4930000F583 /* Build configuration list for PBXNativeTarget "mentr" */ = {
			isa = XCConfigurationList;
			buildConfigurations = (
				6C84A7502392F4930000F583 /* Debug */,
				6C84A7512392F4930000F583 /* Release */,
			);
			defaultConfigurationIsVisible = 0;
			defaultConfigurationName = Release;
		};
/* End XCConfigurationList section */
	};
	rootObject = 6C84A7312392F48F0000F583 /* Project object */;
}
